// !$*UTF8*$!
{
	archiveVersion = 1;
	classes = {
	};
	objectVersion = 46;
	objects = {

/* Begin PBXBuildFile section */
		846592661D195AF2006A4FF7 /* Main.storyboard in Resources */ = {isa = PBXBuildFile; fileRef = 846592621D195AF2006A4FF7 /* Main.storyboard */; };
		846592671D195AF2006A4FF7 /* CellForLibraryTable.xib in Resources */ = {isa = PBXBuildFile; fileRef = 846592631D195AF2006A4FF7 /* CellForLibraryTable.xib */; };
		846592681D195AF2006A4FF7 /* Song.swift in Sources */ = {isa = PBXBuildFile; fileRef = 846592641D195AF2006A4FF7 /* Song.swift */; };
		846592691D195AF2006A4FF7 /* CellForLibrary.swift in Sources */ = {isa = PBXBuildFile; fileRef = 846592651D195AF2006A4FF7 /* CellForLibrary.swift */; };
		8465926B1D195B2F006A4FF7 /* LibraryViewController.swift in Sources */ = {isa = PBXBuildFile; fileRef = 8465926A1D195B2F006A4FF7 /* LibraryViewController.swift */; };
		8465927F1D1980BD006A4FF7 /* TempiBeatDetector.swift in Sources */ = {isa = PBXBuildFile; fileRef = 8465927A1D1980BD006A4FF7 /* TempiBeatDetector.swift */; };
		846592801D1980BD006A4FF7 /* TempiFFT.swift in Sources */ = {isa = PBXBuildFile; fileRef = 8465927B1D1980BD006A4FF7 /* TempiFFT.swift */; };
		846592811D1980BD006A4FF7 /* TempiPeakDetector.swift in Sources */ = {isa = PBXBuildFile; fileRef = 8465927C1D1980BD006A4FF7 /* TempiPeakDetector.swift */; };
		846592821D1980BD006A4FF7 /* TempiDSP.swift in Sources */ = {isa = PBXBuildFile; fileRef = 8465927D1D1980BD006A4FF7 /* TempiDSP.swift */; };
		846592831D1980BD006A4FF7 /* TempiUtilities.swift in Sources */ = {isa = PBXBuildFile; fileRef = 8465927E1D1980BD006A4FF7 /* TempiUtilities.swift */; };
		846592851D1C0BF7006A4FF7 /* Semaphore.swift in Sources */ = {isa = PBXBuildFile; fileRef = 846592841D1C0BF7006A4FF7 /* Semaphore.swift */; };
		846CF7381D1E7F26007982FA /* PlaylistViewController.swift in Sources */ = {isa = PBXBuildFile; fileRef = 846CF7371D1E7F26007982FA /* PlaylistViewController.swift */; };
		846CF73A1D1E7F41007982FA /* PlayerViewController.swift in Sources */ = {isa = PBXBuildFile; fileRef = 846CF7391D1E7F41007982FA /* PlayerViewController.swift */; };
		848315311D19591F007104E9 /* AppDelegate.swift in Sources */ = {isa = PBXBuildFile; fileRef = 848315301D19591F007104E9 /* AppDelegate.swift */; };
		8483153A1D19591F007104E9 /* Assets.xcassets in Resources */ = {isa = PBXBuildFile; fileRef = 848315391D19591F007104E9 /* Assets.xcassets */; };
		8483153D1D19591F007104E9 /* LaunchScreen.storyboard in Resources */ = {isa = PBXBuildFile; fileRef = 8483153B1D19591F007104E9 /* LaunchScreen.storyboard */; };
		848315481D19591F007104E9 /* BeatForFitTests.swift in Sources */ = {isa = PBXBuildFile; fileRef = 848315471D19591F007104E9 /* BeatForFitTests.swift */; };
/* End PBXBuildFile section */

/* Begin PBXContainerItemProxy section */
		848315441D19591F007104E9 /* PBXContainerItemProxy */ = {
			isa = PBXContainerItemProxy;
			containerPortal = 848315251D19591F007104E9 /* Project object */;
			proxyType = 1;
			remoteGlobalIDString = 8483152C1D19591F007104E9;
			remoteInfo = BeatForFit;
		};
/* End PBXContainerItemProxy section */

/* Begin PBXFileReference section */
		846592621D195AF2006A4FF7 /* Main.storyboard */ = {isa = PBXFileReference; fileEncoding = 4; lastKnownFileType = file.storyboard; path = Main.storyboard; sourceTree = "<group>"; };
		846592631D195AF2006A4FF7 /* CellForLibraryTable.xib */ = {isa = PBXFileReference; fileEncoding = 4; lastKnownFileType = file.xib; path = CellForLibraryTable.xib; sourceTree = "<group>"; };
		846592641D195AF2006A4FF7 /* Song.swift */ = {isa = PBXFileReference; fileEncoding = 4; lastKnownFileType = sourcecode.swift; path = Song.swift; sourceTree = "<group>"; };
		846592651D195AF2006A4FF7 /* CellForLibrary.swift */ = {isa = PBXFileReference; fileEncoding = 4; lastKnownFileType = sourcecode.swift; path = CellForLibrary.swift; sourceTree = "<group>"; };
		8465926A1D195B2F006A4FF7 /* LibraryViewController.swift */ = {isa = PBXFileReference; fileEncoding = 4; lastKnownFileType = sourcecode.swift; path = LibraryViewController.swift; sourceTree = "<group>"; };
		8465927A1D1980BD006A4FF7 /* TempiBeatDetector.swift */ = {isa = PBXFileReference; fileEncoding = 4; lastKnownFileType = sourcecode.swift; path = TempiBeatDetector.swift; sourceTree = "<group>"; };
		8465927B1D1980BD006A4FF7 /* TempiFFT.swift */ = {isa = PBXFileReference; fileEncoding = 4; lastKnownFileType = sourcecode.swift; path = TempiFFT.swift; sourceTree = "<group>"; };
		8465927C1D1980BD006A4FF7 /* TempiPeakDetector.swift */ = {isa = PBXFileReference; fileEncoding = 4; lastKnownFileType = sourcecode.swift; path = TempiPeakDetector.swift; sourceTree = "<group>"; };
		8465927D1D1980BD006A4FF7 /* TempiDSP.swift */ = {isa = PBXFileReference; fileEncoding = 4; lastKnownFileType = sourcecode.swift; path = TempiDSP.swift; sourceTree = "<group>"; };
		8465927E1D1980BD006A4FF7 /* TempiUtilities.swift */ = {isa = PBXFileReference; fileEncoding = 4; lastKnownFileType = sourcecode.swift; path = TempiUtilities.swift; sourceTree = "<group>"; };
		846592841D1C0BF7006A4FF7 /* Semaphore.swift */ = {isa = PBXFileReference; fileEncoding = 4; lastKnownFileType = sourcecode.swift; path = Semaphore.swift; sourceTree = "<group>"; };
		846CF7371D1E7F26007982FA /* PlaylistViewController.swift */ = {isa = PBXFileReference; fileEncoding = 4; lastKnownFileType = sourcecode.swift; path = PlaylistViewController.swift; sourceTree = "<group>"; };
		846CF7391D1E7F41007982FA /* PlayerViewController.swift */ = {isa = PBXFileReference; fileEncoding = 4; lastKnownFileType = sourcecode.swift; path = PlayerViewController.swift; sourceTree = "<group>"; };
		8483152D1D19591F007104E9 /* BeatForFit.app */ = {isa = PBXFileReference; explicitFileType = wrapper.application; includeInIndex = 0; path = BeatForFit.app; sourceTree = BUILT_PRODUCTS_DIR; };
		848315301D19591F007104E9 /* AppDelegate.swift */ = {isa = PBXFileReference; lastKnownFileType = sourcecode.swift; path = AppDelegate.swift; sourceTree = "<group>"; };
		848315391D19591F007104E9 /* Assets.xcassets */ = {isa = PBXFileReference; lastKnownFileType = folder.assetcatalog; path = Assets.xcassets; sourceTree = "<group>"; };
		8483153C1D19591F007104E9 /* Base */ = {isa = PBXFileReference; lastKnownFileType = file.storyboard; name = Base; path = Base.lproj/LaunchScreen.storyboard; sourceTree = "<group>"; };
		8483153E1D19591F007104E9 /* Info.plist */ = {isa = PBXFileReference; lastKnownFileType = text.plist.xml; path = Info.plist; sourceTree = "<group>"; };
		848315431D19591F007104E9 /* BeatForFitTests.xctest */ = {isa = PBXFileReference; explicitFileType = wrapper.cfbundle; includeInIndex = 0; path = BeatForFitTests.xctest; sourceTree = BUILT_PRODUCTS_DIR; };
		848315471D19591F007104E9 /* BeatForFitTests.swift */ = {isa = PBXFileReference; lastKnownFileType = sourcecode.swift; path = BeatForFitTests.swift; sourceTree = "<group>"; };
		848315491D19591F007104E9 /* Info.plist */ = {isa = PBXFileReference; lastKnownFileType = text.plist.xml; path = Info.plist; sourceTree = "<group>"; };
/* End PBXFileReference section */

/* Begin PBXFrameworksBuildPhase section */
		8483152A1D19591F007104E9 /* Frameworks */ = {
			isa = PBXFrameworksBuildPhase;
			buildActionMask = 2147483647;
			files = (
			);
			runOnlyForDeploymentPostprocessing = 0;
		};
		848315401D19591F007104E9 /* Frameworks */ = {
			isa = PBXFrameworksBuildPhase;
			buildActionMask = 2147483647;
			files = (
			);
			runOnlyForDeploymentPostprocessing = 0;
		};
/* End PBXFrameworksBuildPhase section */

/* Begin PBXGroup section */
		8465926D1D196556006A4FF7 /* BPMDetecting */ = {
			isa = PBXGroup;
			children = (
				8465927A1D1980BD006A4FF7 /* TempiBeatDetector.swift */,
				8465927B1D1980BD006A4FF7 /* TempiFFT.swift */,
				8465927C1D1980BD006A4FF7 /* TempiPeakDetector.swift */,
				8465927D1D1980BD006A4FF7 /* TempiDSP.swift */,
				8465927E1D1980BD006A4FF7 /* TempiUtilities.swift */,
			);
			name = BPMDetecting;
			sourceTree = "<group>";
		};
		848315241D19591F007104E9 = {
			isa = PBXGroup;
			children = (
				8483152F1D19591F007104E9 /* BeatForFit */,
				848315461D19591F007104E9 /* BeatForFitTests */,
				8483152E1D19591F007104E9 /* Products */,
			);
			sourceTree = "<group>";
		};
		8483152E1D19591F007104E9 /* Products */ = {
			isa = PBXGroup;
			children = (
				8483152D1D19591F007104E9 /* BeatForFit.app */,
				848315431D19591F007104E9 /* BeatForFitTests.xctest */,
			);
			name = Products;
			sourceTree = "<group>";
		};
		8483152F1D19591F007104E9 /* BeatForFit */ = {
			isa = PBXGroup;
			children = (
				8465926D1D196556006A4FF7 /* BPMDetecting */,
				8465926A1D195B2F006A4FF7 /* LibraryViewController.swift */,
				846CF7371D1E7F26007982FA /* PlaylistViewController.swift */,
				846CF7391D1E7F41007982FA /* PlayerViewController.swift */,
				846592621D195AF2006A4FF7 /* Main.storyboard */,
				846592631D195AF2006A4FF7 /* CellForLibraryTable.xib */,
				846592641D195AF2006A4FF7 /* Song.swift */,
				846592651D195AF2006A4FF7 /* CellForLibrary.swift */,
				848315301D19591F007104E9 /* AppDelegate.swift */,
				848315391D19591F007104E9 /* Assets.xcassets */,
				8483153B1D19591F007104E9 /* LaunchScreen.storyboard */,
				8483153E1D19591F007104E9 /* Info.plist */,
				846592841D1C0BF7006A4FF7 /* Semaphore.swift */,
			);
			path = BeatForFit;
			sourceTree = "<group>";
		};
		848315461D19591F007104E9 /* BeatForFitTests */ = {
			isa = PBXGroup;
			children = (
				848315471D19591F007104E9 /* BeatForFitTests.swift */,
				848315491D19591F007104E9 /* Info.plist */,
			);
			path = BeatForFitTests;
			sourceTree = "<group>";
		};
/* End PBXGroup section */

/* Begin PBXNativeTarget section */
		8483152C1D19591F007104E9 /* BeatForFit */ = {
			isa = PBXNativeTarget;
			buildConfigurationList = 8483154C1D19591F007104E9 /* Build configuration list for PBXNativeTarget "BeatForFit" */;
			buildPhases = (
				848315291D19591F007104E9 /* Sources */,
				8483152A1D19591F007104E9 /* Frameworks */,
				8483152B1D19591F007104E9 /* Resources */,
			);
			buildRules = (
			);
			dependencies = (
			);
			name = BeatForFit;
			productName = BeatForFit;
			productReference = 8483152D1D19591F007104E9 /* BeatForFit.app */;
			productType = "com.apple.product-type.application";
		};
		848315421D19591F007104E9 /* BeatForFitTests */ = {
			isa = PBXNativeTarget;
			buildConfigurationList = 8483154F1D19591F007104E9 /* Build configuration list for PBXNativeTarget "BeatForFitTests" */;
			buildPhases = (
				8483153F1D19591F007104E9 /* Sources */,
				848315401D19591F007104E9 /* Frameworks */,
				848315411D19591F007104E9 /* Resources */,
			);
			buildRules = (
			);
			dependencies = (
				848315451D19591F007104E9 /* PBXTargetDependency */,
			);
			name = BeatForFitTests;
			productName = BeatForFitTests;
			productReference = 848315431D19591F007104E9 /* BeatForFitTests.xctest */;
			productType = "com.apple.product-type.bundle.unit-test";
		};
/* End PBXNativeTarget section */

/* Begin PBXProject section */
		848315251D19591F007104E9 /* Project object */ = {
			isa = PBXProject;
			attributes = {
				LastSwiftUpdateCheck = 0730;
				LastUpgradeCheck = 0730;
				ORGANIZATIONNAME = "Grigory Bochkarev";
				TargetAttributes = {
					8483152C1D19591F007104E9 = {
						CreatedOnToolsVersion = 7.3;
						DevelopmentTeam = AHN6693P2A;
					};
					848315421D19591F007104E9 = {
						CreatedOnToolsVersion = 7.3;
						DevelopmentTeam = AHN6693P2A;
						TestTargetID = 8483152C1D19591F007104E9;
					};
				};
			};
			buildConfigurationList = 848315281D19591F007104E9 /* Build configuration list for PBXProject "BeatForFit" */;
			compatibilityVersion = "Xcode 3.2";
			developmentRegion = English;
			hasScannedForEncodings = 0;
			knownRegions = (
				en,
				Base,
			);
			mainGroup = 848315241D19591F007104E9;
			productRefGroup = 8483152E1D19591F007104E9 /* Products */;
			projectDirPath = "";
			projectRoot = "";
			targets = (
				8483152C1D19591F007104E9 /* BeatForFit */,
				848315421D19591F007104E9 /* BeatForFitTests */,
			);
		};
/* End PBXProject section */

/* Begin PBXResourcesBuildPhase section */
		8483152B1D19591F007104E9 /* Resources */ = {
			isa = PBXResourcesBuildPhase;
			buildActionMask = 2147483647;
			files = (
				846592671D195AF2006A4FF7 /* CellForLibraryTable.xib in Resources */,
				846592661D195AF2006A4FF7 /* Main.storyboard in Resources */,
				8483153D1D19591F007104E9 /* LaunchScreen.storyboard in Resources */,
				8483153A1D19591F007104E9 /* Assets.xcassets in Resources */,
			);
			runOnlyForDeploymentPostprocessing = 0;
		};
		848315411D19591F007104E9 /* Resources */ = {
			isa = PBXResourcesBuildPhase;
			buildActionMask = 2147483647;
			files = (
			);
			runOnlyForDeploymentPostprocessing = 0;
		};
/* End PBXResourcesBuildPhase section */

/* Begin PBXSourcesBuildPhase section */
		848315291D19591F007104E9 /* Sources */ = {
			isa = PBXSourcesBuildPhase;
			buildActionMask = 2147483647;
			files = (
				846592681D195AF2006A4FF7 /* Song.swift in Sources */,
				846592691D195AF2006A4FF7 /* CellForLibrary.swift in Sources */,
				846592851D1C0BF7006A4FF7 /* Semaphore.swift in Sources */,
				8465926B1D195B2F006A4FF7 /* LibraryViewController.swift in Sources */,
				848315311D19591F007104E9 /* AppDelegate.swift in Sources */,
				846CF73A1D1E7F41007982FA /* PlayerViewController.swift in Sources */,
				846592801D1980BD006A4FF7 /* TempiFFT.swift in Sources */,
				846592811D1980BD006A4FF7 /* TempiPeakDetector.swift in Sources */,
				846CF7381D1E7F26007982FA /* PlaylistViewController.swift in Sources */,
				8465927F1D1980BD006A4FF7 /* TempiBeatDetector.swift in Sources */,
				846592831D1980BD006A4FF7 /* TempiUtilities.swift in Sources */,
				846592821D1980BD006A4FF7 /* TempiDSP.swift in Sources */,
			);
			runOnlyForDeploymentPostprocessing = 0;
		};
		8483153F1D19591F007104E9 /* Sources */ = {
			isa = PBXSourcesBuildPhase;
			buildActionMask = 2147483647;
			files = (
				848315481D19591F007104E9 /* BeatForFitTests.swift in Sources */,
			);
			runOnlyForDeploymentPostprocessing = 0;
		};
/* End PBXSourcesBuildPhase section */

/* Begin PBXTargetDependency section */
		848315451D19591F007104E9 /* PBXTargetDependency */ = {
			isa = PBXTargetDependency;
			target = 8483152C1D19591F007104E9 /* BeatForFit */;
			targetProxy = 848315441D19591F007104E9 /* PBXContainerItemProxy */;
		};
/* End PBXTargetDependency section */

/* Begin PBXVariantGroup section */
		8483153B1D19591F007104E9 /* LaunchScreen.storyboard */ = {
			isa = PBXVariantGroup;
			children = (
				8483153C1D19591F007104E9 /* Base */,
			);
			name = LaunchScreen.storyboard;
			sourceTree = "<group>";
		};
/* End PBXVariantGroup section */

/* Begin XCBuildConfiguration section */
		8483154A1D19591F007104E9 /* Debug */ = {
			isa = XCBuildConfiguration;
			buildSettings = {
				ALWAYS_SEARCH_USER_PATHS = NO;
				CLANG_ANALYZER_NONNULL = YES;
				CLANG_CXX_LANGUAGE_STANDARD = "gnu++0x";
				CLANG_CXX_LIBRARY = "libc++";
				CLANG_ENABLE_MODULES = YES;
				CLANG_ENABLE_OBJC_ARC = YES;
				CLANG_WARN_BOOL_CONVERSION = YES;
				CLANG_WARN_CONSTANT_CONVERSION = YES;
				CLANG_WARN_DIRECT_OBJC_ISA_USAGE = YES_ERROR;
				CLANG_WARN_EMPTY_BODY = YES;
				CLANG_WARN_ENUM_CONVERSION = YES;
				CLANG_WARN_INT_CONVERSION = YES;
				CLANG_WARN_OBJC_ROOT_CLASS = YES_ERROR;
				CLANG_WARN_UNREACHABLE_CODE = YES;
				CLANG_WARN__DUPLICATE_METHOD_MATCH = YES;
				"CODE_SIGN_IDENTITY[sdk=iphoneos*]" = "iPhone Developer";
				COPY_PHASE_STRIP = NO;
				DEBUG_INFORMATION_FORMAT = dwarf;
				ENABLE_STRICT_OBJC_MSGSEND = YES;
				ENABLE_TESTABILITY = YES;
				GCC_C_LANGUAGE_STANDARD = gnu99;
				GCC_DYNAMIC_NO_PIC = NO;
				GCC_NO_COMMON_BLOCKS = YES;
				GCC_OPTIMIZATION_LEVEL = 0;
				GCC_PREPROCESSOR_DEFINITIONS = (
					"DEBUG=1",
					"$(inherited)",
				);
				GCC_WARN_64_TO_32_BIT_CONVERSION = YES;
				GCC_WARN_ABOUT_RETURN_TYPE = YES_ERROR;
				GCC_WARN_UNDECLARED_SELECTOR = YES;
				GCC_WARN_UNINITIALIZED_AUTOS = YES_AGGRESSIVE;
				GCC_WARN_UNUSED_FUNCTION = YES;
				GCC_WARN_UNUSED_VARIABLE = YES;
				IPHONEOS_DEPLOYMENT_TARGET = 9.3;
				MTL_ENABLE_DEBUG_INFO = YES;
				ONLY_ACTIVE_ARCH = YES;
				SDKROOT = iphoneos;
				SWIFT_OPTIMIZATION_LEVEL = "-Onone";
				TARGETED_DEVICE_FAMILY = "1,2";
			};
			name = Debug;
		};
		8483154B1D19591F007104E9 /* Release */ = {
			isa = XCBuildConfiguration;
			buildSettings = {
				ALWAYS_SEARCH_USER_PATHS = NO;
				CLANG_ANALYZER_NONNULL = YES;
				CLANG_CXX_LANGUAGE_STANDARD = "gnu++0x";
				CLANG_CXX_LIBRARY = "libc++";
				CLANG_ENABLE_MODULES = YES;
				CLANG_ENABLE_OBJC_ARC = YES;
				CLANG_WARN_BOOL_CONVERSION = YES;
				CLANG_WARN_CONSTANT_CONVERSION = YES;
				CLANG_WARN_DIRECT_OBJC_ISA_USAGE = YES_ERROR;
				CLANG_WARN_EMPTY_BODY = YES;
				CLANG_WARN_ENUM_CONVERSION = YES;
				CLANG_WARN_INT_CONVERSION = YES;
				CLANG_WARN_OBJC_ROOT_CLASS = YES_ERROR;
				CLANG_WARN_UNREACHABLE_CODE = YES;
				CLANG_WARN__DUPLICATE_METHOD_MATCH = YES;
				"CODE_SIGN_IDENTITY[sdk=iphoneos*]" = "iPhone Developer";
				COPY_PHASE_STRIP = NO;
				DEBUG_INFORMATION_FORMAT = "dwarf-with-dsym";
				ENABLE_NS_ASSERTIONS = NO;
				ENABLE_STRICT_OBJC_MSGSEND = YES;
				GCC_C_LANGUAGE_STANDARD = gnu99;
				GCC_NO_COMMON_BLOCKS = YES;
				GCC_WARN_64_TO_32_BIT_CONVERSION = YES;
				GCC_WARN_ABOUT_RETURN_TYPE = YES_ERROR;
				GCC_WARN_UNDECLARED_SELECTOR = YES;
				GCC_WARN_UNINITIALIZED_AUTOS = YES_AGGRESSIVE;
				GCC_WARN_UNUSED_FUNCTION = YES;
				GCC_WARN_UNUSED_VARIABLE = YES;
				IPHONEOS_DEPLOYMENT_TARGET = 9.3;
				MTL_ENABLE_DEBUG_INFO = NO;
				SDKROOT = iphoneos;
				TARGETED_DEVICE_FAMILY = "1,2";
				VALIDATE_PRODUCT = YES;
			};
			name = Release;
		};
		8483154D1D19591F007104E9 /* Debug */ = {
			isa = XCBuildConfiguration;
			buildSettings = {
				ASSETCATALOG_COMPILER_APPICON_NAME = AppIcon;
				INFOPLIST_FILE = BeatForFit/Info.plist;
				LD_RUNPATH_SEARCH_PATHS = "$(inherited) @executable_path/Frameworks";
				PRODUCT_BUNDLE_IDENTIFIER = GRIB.BeatForFit;
				PRODUCT_NAME = "$(TARGET_NAME)";
			};
			name = Debug;
		};
		8483154E1D19591F007104E9 /* Release */ = {
			isa = XCBuildConfiguration;
			buildSettings = {
				ASSETCATALOG_COMPILER_APPICON_NAME = AppIcon;
				INFOPLIST_FILE = BeatForFit/Info.plist;
				LD_RUNPATH_SEARCH_PATHS = "$(inherited) @executable_path/Frameworks";
				PRODUCT_BUNDLE_IDENTIFIER = GRIB.BeatForFit;
				PRODUCT_NAME = "$(TARGET_NAME)";
			};
			name = Release;
		};
		848315501D19591F007104E9 /* Debug */ = {
			isa = XCBuildConfiguration;
			buildSettings = {
				BUNDLE_LOADER = "$(TEST_HOST)";
				INFOPLIST_FILE = BeatForFitTests/Info.plist;
				LD_RUNPATH_SEARCH_PATHS = "$(inherited) @executable_path/Frameworks @loader_path/Frameworks";
				PRODUCT_BUNDLE_IDENTIFIER = GRIB.BeatForFitTests;
				PRODUCT_NAME = "$(TARGET_NAME)";
				TEST_HOST = "$(BUILT_PRODUCTS_DIR)/BeatForFit.app/BeatForFit";
			};
			name = Debug;
		};
		848315511D19591F007104E9 /* Release */ = {
			isa = XCBuildConfiguration;
			buildSettings = {
				BUNDLE_LOADER = "$(TEST_HOST)";
				INFOPLIST_FILE = BeatForFitTests/Info.plist;
				LD_RUNPATH_SEARCH_PATHS = "$(inherited) @executable_path/Frameworks @loader_path/Frameworks";
				PRODUCT_BUNDLE_IDENTIFIER = GRIB.BeatForFitTests;
				PRODUCT_NAME = "$(TARGET_NAME)";
				TEST_HOST = "$(BUILT_PRODUCTS_DIR)/BeatForFit.app/BeatForFit";
			};
			name = Release;
		};
/* End XCBuildConfiguration section */

/* Begin XCConfigurationList section */
		848315281D19591F007104E9 /* Build configuration list for PBXProject "BeatForFit" */ = {
			isa = XCConfigurationList;
			buildConfigurations = (
				8483154A1D19591F007104E9 /* Debug */,
				8483154B1D19591F007104E9 /* Release */,
			);
			defaultConfigurationIsVisible = 0;
			defaultConfigurationName = Release;
		};
		8483154C1D19591F007104E9 /* Build configuration list for PBXNativeTarget "BeatForFit" */ = {
			isa = XCConfigurationList;
			buildConfigurations = (
				8483154D1D19591F007104E9 /* Debug */,
				8483154E1D19591F007104E9 /* Release */,
			);
			defaultConfigurationIsVisible = 0;
			defaultConfigurationName = Release;
		};
		8483154F1D19591F007104E9 /* Build configuration list for PBXNativeTarget "BeatForFitTests" */ = {
			isa = XCConfigurationList;
			buildConfigurations = (
				848315501D19591F007104E9 /* Debug */,
				848315511D19591F007104E9 /* Release */,
			);
			defaultConfigurationIsVisible = 0;
			defaultConfigurationName = Release;
		};
/* End XCConfigurationList section */
	};
	rootObject = 848315251D19591F007104E9 /* Project object */;
}
